
Microsoft Visual Studio Solution File, Format Version 12.00
# Visual Studio Version 16
VisualStudioVersion = 16.0.30804.86
MinimumVisualStudioVersion = 10.0.40219.1
Project("{8BC9CEB8-8B4A-11D0-8D11-00A0C91BC942}") = "GDW_Y3-DataSystem", "GDW_Y3-DataSystem.vcxproj", "{665CCC06-31AB-44B9-8A6E-DA67E6949511}"
EndProject
Global
	GlobalSection(SolutionConfigurationPlatforms) = preSolution
		Debug|x64 = Debug|x64
		Debug|x86 = Debug|x86
		Release|x64 = Release|x64
		Release|x86 = Release|x86
	EndGlobalSection
	GlobalSection(ProjectConfigurationPlatforms) = postSolution
		{665CCC06-31AB-44B9-8A6E-DA67E6949511}.Debug|x64.ActiveCfg = Debug|x64
		{665CCC06-31AB-44B9-8A6E-DA67E6949511}.Debug|x64.Build.0 = Debug|x64
		{665CCC06-31AB-44B9-8A6E-DA67E6949511}.Debug|x86.ActiveCfg = Debug|Win32
		{665CCC06-31AB-44B9-8A6E-DA67E6949511}.Debug|x86.Build.0 = Debug|Win32
		{665CCC06-31AB-44B9-8A6E-DA67E6949511}.Release|x64.ActiveCfg = Release|x64
		{665CCC06-31AB-44B9-8A6E-DA67E6949511}.Release|x64.Build.0 = Release|x64
		{665CCC06-31AB-44B9-8A6E-DA67E6949511}.Release|x86.ActiveCfg = Release|Win32
		{665CCC06-31AB-44B9-8A6E-DA67E6949511}.Release|x86.Build.0 = Release|Win32
	EndGlobalSection
	GlobalSection(SolutionProperties) = preSolution
		HideSolutionNode = FALSE
	EndGlobalSection
	GlobalSection(ExtensibilityGlobals) = postSolution
		SolutionGuid = {DC8FCA0A-C8CA-40C0-8A7C-1C9574D2561C}
	EndGlobalSection
EndGlobal
